
Microsoft Visual Studio Solution File, Format Version 12.00
# Visual Studio Version 16
VisualStudioVersion = 16.0.31613.86
MinimumVisualStudioVersion = 10.0.40219.1
Project("{FAE04EC0-301F-11D3-BF4B-00C04F79EFBC}") = "WebAppDemo", "WebAppDemo\WebAppDemo.csproj", "{FBAA51DF-03EA-4DE2-B018-539DDF75F44D}"
EndProject
Global
	GlobalSection(SolutionConfigurationPlatforms) = preSolution
		Debug|Any CPU = Debug|Any CPU
		Release|Any CPU = Release|Any CPU
	EndGlobalSection
	GlobalSection(ProjectConfigurationPlatforms) = postSolution
		{FBAA51DF-03EA-4DE2-B018-539DDF75F44D}.Debug|Any CPU.ActiveCfg = Debug|Any CPU
		{FBAA51DF-03EA-4DE2-B018-539DDF75F44D}.Debug|Any CPU.Build.0 = Debug|Any CPU
		{FBAA51DF-03EA-4DE2-B018-539DDF75F44D}.Release|Any CPU.ActiveCfg = Release|Any CPU
		{FBAA51DF-03EA-4DE2-B018-539DDF75F44D}.Release|Any CPU.Build.0 = Release|Any CPU
	EndGlobalSection
	GlobalSection(SolutionProperties) = preSolution
		HideSolutionNode = FALSE
	EndGlobalSection
	GlobalSection(ExtensibilityGlobals) = postSolution
		SolutionGuid = {801230AC-C975-4F8F-BAA2-8EDC589B5918}
	EndGlobalSection
EndGlobal
